<?xml version="1.0" encoding="utf-8"?>
<Project ToolsVersion="4.0" xmlns="http://schemas.microsoft.com/developer/msbuild/2003">
  <ItemGroup>
    <ClCompile Include="main.cpp" />
    <ClCompile Include="loginui.cpp">
      <Filter>Source Files</Filter>
    </ClCompile>
    <ClCompile Include="user.cpp">
      <Filter>Source Files</Filter>
    </ClCompile>
    <ClCompile Include="SystemFile.cpp">
      <Filter>Source Files</Filter>
    </ClCompile>
    <ClCompile Include="ShowReport.cpp">
      <Filter>Source Files</Filter>
    </ClCompile>
    <ClCompile Include="showrecordwidget.cpp">
      <Filter>Source Files</Filter>
    </ClCompile>
    <ClCompile Include="UserFile.cpp">
      <Filter>Source Files</Filter>
    </ClCompile>
    <ClCompile Include="SettingDialog.cpp">
      <Filter>Source Files</Filter>
    </ClCompile>
    <ClCompile Include="RecordFile.cpp">
      <Filter>Source Files</Filter>
    </ClCompile>
    <ClCompile Include="record.cpp">
      <Filter>Source Files</Filter>
    </ClCompile>
    <ClCompile Include="mainwidget.cpp">
      <Filter>Source Files</Filter>
    </ClCompile>
    <ClCompile Include="HelpDialog.cpp">
      <Filter>Source Files</Filter>
    </ClCompile>
    <ClCompile Include="file.cpp">
      <Filter>Source Files</Filter>
    </ClCompile>
  </ItemGroup>
  <ItemGroup>
    <Filter Include="Resource Files">
      <UniqueIdentifier>{D9D6E242-F8AF-46E4-B9FD-80ECBC20BA3E}</UniqueIdentifier>
      <Extensions>qrc;*</Extensions>
      <ParseFiles>false</ParseFiles>
    </Filter>
    <Filter Include="Source Files">
      <UniqueIdentifier>{4FC737F1-C7A5-4376-A066-2A32D752A2FF}</UniqueIdentifier>
      <Extensions>cpp;c;cc;cxx;def;odl;idl;hpj;bat;asm;asmx</Extensions>
      <ParseFiles>true</ParseFiles>
    </Filter>
    <Filter Include="Header Files">
      <UniqueIdentifier>{93995380-89BD-4b04-88EB-625FBE52EBFB}</UniqueIdentifier>
      <Extensions>h;hh;hpp;hxx;hm;inl;inc;xsd</Extensions>
      <ParseFiles>true</ParseFiles>
    </Filter>
    <Filter Include="Form Files">
      <UniqueIdentifier>{99349809-55BA-4b9d-BF79-8FDBB0286EB3}</UniqueIdentifier>
      <Extensions>ui</Extensions>
      <ParseFiles>true</ParseFiles>
    </Filter>
  </ItemGroup>
  <ItemGroup>
    <QtMoc Include="loginui.h">
      <Filter>Header Files</Filter>
    </QtMoc>
    <QtMoc Include="HelpDialog.h">
      <Filter>Header Files</Filter>
    </QtMoc>
    <QtMoc Include="mainwidget.h">
      <Filter>Header Files</Filter>
    </QtMoc>
    <QtMoc Include="SettingDialog.h">
      <Filter>Header Files</Filter>
    </QtMoc>
    <QtMoc Include="showrecordwidget.h">
      <Filter>Header Files</Filter>
    </QtMoc>
    <QtMoc Include="ShowReport.h">
      <Filter>Header Files</Filter>
    </QtMoc>
  </ItemGroup>
  <ItemGroup>
    <QtUic Include="loginui.ui">
      <Filter>Form Files</Filter>
    </QtUic>
    <QtUic Include="Help.ui">
      <Filter>Form Files</Filter>
    </QtUic>
    <QtUic Include="mainwidget.ui">
      <Filter>Form Files</Filter>
    </QtUic>
    <QtUic Include="SettingDialog.ui">
      <Filter>Form Files</Filter>
    </QtUic>
    <QtUic Include="ShowReport.ui">
      <Filter>Form Files</Filter>
    </QtUic>
  </ItemGroup>
  <ItemGroup>
    <QtRcc Include="loginui.qrc">
      <Filter>Resource Files</Filter>
    </QtRcc>
    <QtRcc Include="recources.qrc">
      <Filter>Resource Files</Filter>
    </QtRcc>
  </ItemGroup>
  <ItemGroup>
    <ResourceCompile Include="personal-financial-management-system.rc" />
  </ItemGroup>
  <ItemGroup>
    <ClInclude Include="file.h">
      <Filter>Header Files</Filter>
    </ClInclude>
    <ClInclude Include="record.h">
      <Filter>Header Files</Filter>
    </ClInclude>
    <ClInclude Include="RecordFile.h">
      <Filter>Header Files</Filter>
    </ClInclude>
    <ClInclude Include="resource.h">
      <Filter>Header Files</Filter>
    </ClInclude>
    <ClInclude Include="SystemFile.h">
      <Filter>Header Files</Filter>
    </ClInclude>
    <ClInclude Include="user.h">
      <Filter>Header Files</Filter>
    </ClInclude>
    <ClInclude Include="UserFile.h">
      <Filter>Header Files</Filter>
    </ClInclude>
  </ItemGroup>
  <ItemGroup>
    <CustomBuild Include="images.qrc">
      <Filter>Resource Files</Filter>
    </CustomBuild>
    <CustomBuild Include="images2.qrc">
      <Filter>Resource Files</Filter>
    </CustomBuild>
  </ItemGroup>
  <ItemGroup>
    <None Include="style.qss">
      <Filter>Resource Files</Filter>
    </None>
    <None Include="root.json">
      <Filter>Resource Files</Filter>
    </None>
    <None Include="save.json">
      <Filter>Resource Files</Filter>
    </None>
    <None Include="README.md" />
  </ItemGroup>
</Project>